<?xml version="1.0" encoding="utf-8"?>
<Project ToolsVersion="4.0" xmlns="http://schemas.microsoft.com/developer/msbuild/2003">
  <ItemGroup>
    <Filter Include="Source Files">
      <UniqueIdentifier>{4FC737F1-C7A5-4376-A066-2A32D752A2FF}</UniqueIdentifier>
      <Extensions>cpp;c;cc;cxx;c++;cppm;ixx;def;odl;idl;hpj;bat;asm;asmx</Extensions>
    </Filter>
    <Filter Include="Frames">
      <UniqueIdentifier>{b0a056db-9a0c-4cde-a5c6-903f851df967}</UniqueIdentifier>
    </Filter>
    <Filter Include="Networking">
      <UniqueIdentifier>{f4973064-0e84-4cb8-9ae2-098850a8f1bf}</UniqueIdentifier>
    </Filter>
  </ItemGroup>
  <ItemGroup>
    <ClCompile Include="src\app.cpp">
      <Filter>Source Files</Filter>
    </ClCompile>
    <ClCompile Include="src\main.cpp">
      <Filter>Frames</Filter>
    </ClCompile>
    <ClCompile Include="src\peer.cpp">
      <Filter>Networking</Filter>
    </ClCompile>
    <ClCompile Include="src\server.cpp">
      <Filter>Source Files</Filter>
    </ClCompile>
    <ClCompile Include="src\client.cpp">
      <Filter>Source Files</Filter>
    </ClCompile>
  </ItemGroup>
  <ItemGroup>
    <ClInclude Include="src\main.h">
      <Filter>Frames</Filter>
    </ClInclude>
    <ClInclude Include="src\peer.h">
      <Filter>Networking</Filter>
    </ClInclude>
    <ClInclude Include="src\app.h">
      <Filter>Source Files</Filter>
    </ClInclude>
    <ClInclude Include="src\server.h" />
    <ClInclude Include="src\client.h" />
    <ClInclude Include="src\peerinfo.h" />
    <ClInclude Include="src\Helper.h" />
    <ClInclude Include="src\fileinfo.h" />
  </ItemGroup>
</Project>